github.com/dknight/algos/structures/list/llist v0.0.0-20230321194222-d291317c28e9 h1:16ov8R+UM6PiE/MShYokAeMEQlV3bMcy+bgDK2Oxr34=
github.com/dknight/algos/structures/list/llist v0.0.0-20230321194222-d291317c28e9/go.mod h1:dX5EQDiDgbf9S+RTspz5VFoCuLXcHcKxWW8i2aKdz+g=
github.com/dknight/algos/structures/queue/queue v0.0.0-20230321194222-d291317c28e9 h1:x7QzGhgnM/oOylYFNJ2LacPJQlQmmplD+wrGrE4Kei8=
github.com/dknight/algos/structures/queue/queue v0.0.0-20230321194222-d291317c28e9/go.mod h1:Endg7DxJ7cN7R+O+gx9obs5dgxvMqzU8OYEo5SMwwx0=
github.com/dknight/algos/structures/set v0.0.0-20230321194222-d291317c28e9 h1:/Wb7+0VAqsS7SQk5u241YOxXnj5jnswz3udz23a4Q6A=
github.com/dknight/algos/structures/set v0.0.0-20230321194222-d291317c28e9/go.mod h1:FLa3oTrM3MgGpOjOcH9XKlQ3CasSMa6YyR+pejd4hRY=
github.com/dknight/algos/structures/stack v0.0.0-20230321194222-d291317c28e9 h1:d31JakySKVIYotZ8WB+ZYwHwWmzvrlqdU98GyDx0htQ=
github.com/dknight/algos/structures/stack v0.0.0-20230321194222-d291317c28e9/go.mod h1:wxPT4/vBtxaWJdX5VUHKoO8/a5SvljXVoFYUFQquMvQ=
